// !$*UTF8*$!
{
	archiveVersion = 1;
	classes = {
	};
	objectVersion = 46;
	objects = {

/* Begin PBXBuildFile section */
		E449F69D1EAF176F007DC7A2 /* PinkViewController.swift in Sources */ = {isa = PBXBuildFile; fileRef = E449F69C1EAF176F007DC7A2 /* PinkViewController.swift */; };
		E449F69F1EAF1AEB007DC7A2 /* GreenViewController.swift in Sources */ = {isa = PBXBuildFile; fileRef = E449F69E1EAF1AEB007DC7A2 /* GreenViewController.swift */; };
		E449F6A11EAF1B9B007DC7A2 /* BlueViewController.swift in Sources */ = {isa = PBXBuildFile; fileRef = E449F6A01EAF1B9B007DC7A2 /* BlueViewController.swift */; };
		E449F6A31EAF30DC007DC7A2 /* .gitignore in Resources */ = {isa = PBXBuildFile; fileRef = E449F6A21EAF30DC007DC7A2 /* .gitignore */; };
		E449F6A51EAF3550007DC7A2 /* LoginViewController.swift in Sources */ = {isa = PBXBuildFile; fileRef = E449F6A41EAF3550007DC7A2 /* LoginViewController.swift */; };
		E4610A2E1EAF1031005BAB49 /* AppDelegate.swift in Sources */ = {isa = PBXBuildFile; fileRef = E4610A2D1EAF1031005BAB49 /* AppDelegate.swift */; };
		E4610A301EAF1031005BAB49 /* ViewController.swift in Sources */ = {isa = PBXBuildFile; fileRef = E4610A2F1EAF1031005BAB49 /* ViewController.swift */; };
		E4610A331EAF1031005BAB49 /* Main.storyboard in Resources */ = {isa = PBXBuildFile; fileRef = E4610A311EAF1031005BAB49 /* Main.storyboard */; };
		E4610A351EAF1031005BAB49 /* Assets.xcassets in Resources */ = {isa = PBXBuildFile; fileRef = E4610A341EAF1031005BAB49 /* Assets.xcassets */; };
		E4610A381EAF1031005BAB49 /* LaunchScreen.storyboard in Resources */ = {isa = PBXBuildFile; fileRef = E4610A361EAF1031005BAB49 /* LaunchScreen.storyboard */; };
/* End PBXBuildFile section */

/* Begin PBXFileReference section */
		E449F69C1EAF176F007DC7A2 /* PinkViewController.swift */ = {isa = PBXFileReference; fileEncoding = 4; lastKnownFileType = sourcecode.swift; path = PinkViewController.swift; sourceTree = "<group>"; };
		E449F69E1EAF1AEB007DC7A2 /* GreenViewController.swift */ = {isa = PBXFileReference; fileEncoding = 4; lastKnownFileType = sourcecode.swift; path = GreenViewController.swift; sourceTree = "<group>"; };
		E449F6A01EAF1B9B007DC7A2 /* BlueViewController.swift */ = {isa = PBXFileReference; fileEncoding = 4; lastKnownFileType = sourcecode.swift; path = BlueViewController.swift; sourceTree = "<group>"; };
		E449F6A21EAF30DC007DC7A2 /* .gitignore */ = {isa = PBXFileReference; fileEncoding = 4; lastKnownFileType = text; path = .gitignore; sourceTree = SOURCE_ROOT; };
		E449F6A41EAF3550007DC7A2 /* LoginViewController.swift */ = {isa = PBXFileReference; fileEncoding = 4; lastKnownFileType = sourcecode.swift; path = LoginViewController.swift; sourceTree = "<group>"; };
		E4610A2A1EAF1031005BAB49 /* StoryboardSample.app */ = {isa = PBXFileReference; explicitFileType = wrapper.application; includeInIndex = 0; path = StoryboardSample.app; sourceTree = BUILT_PRODUCTS_DIR; };
		E4610A2D1EAF1031005BAB49 /* AppDelegate.swift */ = {isa = PBXFileReference; lastKnownFileType = sourcecode.swift; path = AppDelegate.swift; sourceTree = "<group>"; };
		E4610A2F1EAF1031005BAB49 /* ViewController.swift */ = {isa = PBXFileReference; lastKnownFileType = sourcecode.swift; path = ViewController.swift; sourceTree = "<group>"; };
		E4610A321EAF1031005BAB49 /* Base */ = {isa = PBXFileReference; lastKnownFileType = file.storyboard; name = Base; path = Base.lproj/Main.storyboard; sourceTree = "<group>"; };
		E4610A341EAF1031005BAB49 /* Assets.xcassets */ = {isa = PBXFileReference; lastKnownFileType = folder.assetcatalog; path = Assets.xcassets; sourceTree = "<group>"; };
		E4610A371EAF1031005BAB49 /* Base */ = {isa = PBXFileReference; lastKnownFileType = file.storyboard; name = Base; path = Base.lproj/LaunchScreen.storyboard; sourceTree = "<group>"; };
		E4610A391EAF1031005BAB49 /* Info.plist */ = {isa = PBXFileReference; lastKnownFileType = text.plist.xml; path = Info.plist; sourceTree = "<group>"; };
/* End PBXFileReference section */

/* Begin PBXFrameworksBuildPhase section */
		E4610A271EAF1031005BAB49 /* Frameworks */ = {
			isa = PBXFrameworksBuildPhase;
			buildActionMask = 2147483647;
			files = (
			);
			runOnlyForDeploymentPostprocessing = 0;
		};
/* End PBXFrameworksBuildPhase section */

/* Begin PBXGroup section */
		E4610A211EAF1031005BAB49 = {
			isa = PBXGroup;
			children = (
				E449F6A21EAF30DC007DC7A2 /* .gitignore */,
				E4610A2C1EAF1031005BAB49 /* StoryboardSample */,
				E4610A2B1EAF1031005BAB49 /* Products */,
			);
			sourceTree = "<group>";
		};
		E4610A2B1EAF1031005BAB49 /* Products */ = {
			isa = PBXGroup;
			children = (
				E4610A2A1EAF1031005BAB49 /* StoryboardSample.app */,
			);
			name = Products;
			sourceTree = "<group>";
		};
		E4610A2C1EAF1031005BAB49 /* StoryboardSample */ = {
			isa = PBXGroup;
			children = (
				E4610A2D1EAF1031005BAB49 /* AppDelegate.swift */,
				E4610A2F1EAF1031005BAB49 /* ViewController.swift */,
				E449F6A41EAF3550007DC7A2 /* LoginViewController.swift */,
				E4610A311EAF1031005BAB49 /* Main.storyboard */,
				E4610A341EAF1031005BAB49 /* Assets.xcassets */,
				E4610A361EAF1031005BAB49 /* LaunchScreen.storyboard */,
				E4610A391EAF1031005BAB49 /* Info.plist */,
				E449F69C1EAF176F007DC7A2 /* PinkViewController.swift */,
				E449F69E1EAF1AEB007DC7A2 /* GreenViewController.swift */,
				E449F6A01EAF1B9B007DC7A2 /* BlueViewController.swift */,
			);
			path = StoryboardSample;
			sourceTree = "<group>";
		};
/* End PBXGroup section */

/* Begin PBXNativeTarget section */
		E4610A291EAF1031005BAB49 /* StoryboardSample */ = {
			isa = PBXNativeTarget;
			buildConfigurationList = E4610A3C1EAF1031005BAB49 /* Build configuration list for PBXNativeTarget "StoryboardSample" */;
			buildPhases = (
				E4610A261EAF1031005BAB49 /* Sources */,
				E4610A271EAF1031005BAB49 /* Frameworks */,
				E4610A281EAF1031005BAB49 /* Resources */,
			);
			buildRules = (
			);
			dependencies = (
			);
			name = StoryboardSample;
			productName = StoryboardSample;
			productReference = E4610A2A1EAF1031005BAB49 /* StoryboardSample.app */;
			productType = "com.apple.product-type.application";
		};
/* End PBXNativeTarget section */

/* Begin PBXProject section */
		E4610A221EAF1031005BAB49 /* Project object */ = {
			isa = PBXProject;
			attributes = {
				LastSwiftUpdateCheck = 0830;
				LastUpgradeCheck = 0830;
				ORGANIZATIONNAME = Kico;
				TargetAttributes = {
					E4610A291EAF1031005BAB49 = {
						CreatedOnToolsVersion = 8.3.2;
						DevelopmentTeam = D2JXCM98U2;
						ProvisioningStyle = Automatic;
					};
				};
			};
			buildConfigurationList = E4610A251EAF1031005BAB49 /* Build configuration list for PBXProject "StoryboardSample" */;
			compatibilityVersion = "Xcode 3.2";
			developmentRegion = English;
			hasScannedForEncodings = 0;
			knownRegions = (
				en,
				Base,
			);
			mainGroup = E4610A211EAF1031005BAB49;
			productRefGroup = E4610A2B1EAF1031005BAB49 /* Products */;
			projectDirPath = "";
			projectRoot = "";
			targets = (
				E4610A291EAF1031005BAB49 /* StoryboardSample */,
			);
		};
/* End PBXProject section */

/* Begin PBXResourcesBuildPhase section */
		E4610A281EAF1031005BAB49 /* Resources */ = {
			isa = PBXResourcesBuildPhase;
			buildActionMask = 2147483647;
			files = (
				E449F6A31EAF30DC007DC7A2 /* .gitignore in Resources */,
				E4610A381EAF1031005BAB49 /* LaunchScreen.storyboard in Resources */,
				E4610A351EAF1031005BAB49 /* Assets.xcassets in Resources */,
				E4610A331EAF1031005BAB49 /* Main.storyboard in Resources */,
			);
			runOnlyForDeploymentPostprocessing = 0;
		};
/* End PBXResourcesBuildPhase section */

/* Begin PBXSourcesBuildPhase section */
		E4610A261EAF1031005BAB49 /* Sources */ = {
			isa = PBXSourcesBuildPhase;
			buildActionMask = 2147483647;
			files = (
				E449F6A51EAF3550007DC7A2 /* LoginViewController.swift in Sources */,
				E449F69F1EAF1AEB007DC7A2 /* GreenViewController.swift in Sources */,
				E449F69D1EAF176F007DC7A2 /* PinkViewController.swift in Sources */,
				E4610A301EAF1031005BAB49 /* ViewController.swift in Sources */,
				E449F6A11EAF1B9B007DC7A2 /* BlueViewController.swift in Sources */,
				E4610A2E1EAF1031005BAB49 /* AppDelegate.swift in Sources */,
			);
			runOnlyForDeploymentPostprocessing = 0;
		};
/* End PBXSourcesBuildPhase section */

/* Begin PBXVariantGroup section */
		E4610A311EAF1031005BAB49 /* Main.storyboard */ = {
			isa = PBXVariantGroup;
			children = (
				E4610A321EAF1031005BAB49 /* Base */,
			);
			name = Main.storyboard;
			sourceTree = "<group>";
		};
		E4610A361EAF1031005BAB49 /* LaunchScreen.storyboard */ = {
			isa = PBXVariantGroup;
			children = (
				E4610A371EAF1031005BAB49 /* Base */,
			);
			name = LaunchScreen.storyboard;
			sourceTree = "<group>";
		};
/* End PBXVariantGroup section */

/* Begin XCBuildConfiguration section */
		E4610A3A1EAF1031005BAB49 /* Debug */ = {
			isa = XCBuildConfiguration;
			buildSettings = {
				ALWAYS_SEARCH_USER_PATHS = NO;
				CLANG_ANALYZER_NONNULL = YES;
				CLANG_ANALYZER_NUMBER_OBJECT_CONVERSION = YES_AGGRESSIVE;
				CLANG_CXX_LANGUAGE_STANDARD = "gnu++0x";
				CLANG_CXX_LIBRARY = "libc++";
				CLANG_ENABLE_MODULES = YES;
				CLANG_ENABLE_OBJC_ARC = YES;
				CLANG_WARN_BOOL_CONVERSION = YES;
				CLANG_WARN_CONSTANT_CONVERSION = YES;
				CLANG_WARN_DIRECT_OBJC_ISA_USAGE = YES_ERROR;
				CLANG_WARN_DOCUMENTATION_COMMENTS = YES;
				CLANG_WARN_EMPTY_BODY = YES;
				CLANG_WARN_ENUM_CONVERSION = YES;
				CLANG_WARN_INFINITE_RECURSION = YES;
				CLANG_WARN_INT_CONVERSION = YES;
				CLANG_WARN_OBJC_ROOT_CLASS = YES_ERROR;
				CLANG_WARN_SUSPICIOUS_MOVE = YES;
				CLANG_WARN_UNREACHABLE_CODE = YES;
				CLANG_WARN__DUPLICATE_METHOD_MATCH = YES;
				"CODE_SIGN_IDENTITY[sdk=iphoneos*]" = "iPhone Developer";
				COPY_PHASE_STRIP = NO;
				DEBUG_INFORMATION_FORMAT = dwarf;
				ENABLE_STRICT_OBJC_MSGSEND = YES;
				ENABLE_TESTABILITY = YES;
				GCC_C_LANGUAGE_STANDARD = gnu99;
				GCC_DYNAMIC_NO_PIC = NO;
				GCC_NO_COMMON_BLOCKS = YES;
				GCC_OPTIMIZATION_LEVEL = 0;
				GCC_PREPROCESSOR_DEFINITIONS = (
					"DEBUG=1",
					"$(inherited)",
				);
				GCC_WARN_64_TO_32_BIT_CONVERSION = YES;
				GCC_WARN_ABOUT_RETURN_TYPE = YES_ERROR;
				GCC_WARN_UNDECLARED_SELECTOR = YES;
				GCC_WARN_UNINITIALIZED_AUTOS = YES_AGGRESSIVE;
				GCC_WARN_UNUSED_FUNCTION = YES;
				GCC_WARN_UNUSED_VARIABLE = YES;
				IPHONEOS_DEPLOYMENT_TARGET = 10.3;
				MTL_ENABLE_DEBUG_INFO = YES;
				ONLY_ACTIVE_ARCH = YES;
				SDKROOT = iphoneos;
				SWIFT_ACTIVE_COMPILATION_CONDITIONS = DEBUG;
				SWIFT_OPTIMIZATION_LEVEL = "-Onone";
			};
			name = Debug;
		};
		E4610A3B1EAF1031005BAB49 /* Release */ = {
			isa = XCBuildConfiguration;
			buildSettings = {
				ALWAYS_SEARCH_USER_PATHS = NO;
				CLANG_ANALYZER_NONNULL = YES;
				CLANG_ANALYZER_NUMBER_OBJECT_CONVERSION = YES_AGGRESSIVE;
				CLANG_CXX_LANGUAGE_STANDARD = "gnu++0x";
				CLANG_CXX_LIBRARY = "libc++";
				CLANG_ENABLE_MODULES = YES;
				CLANG_ENABLE_OBJC_ARC = YES;
				CLANG_WARN_BOOL_CONVERSION = YES;
				CLANG_WARN_CONSTANT_CONVERSION = YES;
				CLANG_WARN_DIRECT_OBJC_ISA_USAGE = YES_ERROR;
				CLANG_WARN_DOCUMENTATION_COMMENTS = YES;
				CLANG_WARN_EMPTY_BODY = YES;
				CLANG_WARN_ENUM_CONVERSION = YES;
				CLANG_WARN_INFINITE_RECURSION = YES;
				CLANG_WARN_INT_CONVERSION = YES;
				CLANG_WARN_OBJC_ROOT_CLASS = YES_ERROR;
				CLANG_WARN_SUSPICIOUS_MOVE = YES;
				CLANG_WARN_UNREACHABLE_CODE = YES;
				CLANG_WARN__DUPLICATE_METHOD_MATCH = YES;
				"CODE_SIGN_IDENTITY[sdk=iphoneos*]" = "iPhone Developer";
				COPY_PHASE_STRIP = NO;
				DEBUG_INFORMATION_FORMAT = "dwarf-with-dsym";
				ENABLE_NS_ASSERTIONS = NO;
				ENABLE_STRICT_OBJC_MSGSEND = YES;
				GCC_C_LANGUAGE_STANDARD = gnu99;
				GCC_NO_COMMON_BLOCKS = YES;
				GCC_WARN_64_TO_32_BIT_CONVERSION = YES;
				GCC_WARN_ABOUT_RETURN_TYPE = YES_ERROR;
				GCC_WARN_UNDECLARED_SELECTOR = YES;
				GCC_WARN_UNINITIALIZED_AUTOS = YES_AGGRESSIVE;
				GCC_WARN_UNUSED_FUNCTION = YES;
				GCC_WARN_UNUSED_VARIABLE = YES;
				IPHONEOS_DEPLOYMENT_TARGET = 10.3;
				MTL_ENABLE_DEBUG_INFO = NO;
				SDKROOT = iphoneos;
				SWIFT_OPTIMIZATION_LEVEL = "-Owholemodule";
				VALIDATE_PRODUCT = YES;
			};
			name = Release;
		};
		E4610A3D1EAF1031005BAB49 /* Debug */ = {
			isa = XCBuildConfiguration;
			buildSettings = {
				ASSETCATALOG_COMPILER_APPICON_NAME = AppIcon;
				DEVELOPMENT_TEAM = D2JXCM98U2;
				INFOPLIST_FILE = StoryboardSample/Info.plist;
				LD_RUNPATH_SEARCH_PATHS = "$(inherited) @executable_path/Frameworks";
				PRODUCT_BUNDLE_IDENTIFIER = kr.co.kico.StoryboardSample;
				PRODUCT_NAME = "$(TARGET_NAME)";
				SWIFT_VERSION = 3.0;
			};
			name = Debug;
		};
		E4610A3E1EAF1031005BAB49 /* Release */ = {
			isa = XCBuildConfiguration;
			buildSettings = {
				ASSETCATALOG_COMPILER_APPICON_NAME = AppIcon;
				DEVELOPMENT_TEAM = D2JXCM98U2;
				INFOPLIST_FILE = StoryboardSample/Info.plist;
				LD_RUNPATH_SEARCH_PATHS = "$(inherited) @executable_path/Frameworks";
				PRODUCT_BUNDLE_IDENTIFIER = kr.co.kico.StoryboardSample;
				PRODUCT_NAME = "$(TARGET_NAME)";
				SWIFT_VERSION = 3.0;
			};
			name = Release;
		};
/* End XCBuildConfiguration section */

/* Begin XCConfigurationList section */
		E4610A251EAF1031005BAB49 /* Build configuration list for PBXProject "StoryboardSample" */ = {
			isa = XCConfigurationList;
			buildConfigurations = (
				E4610A3A1EAF1031005BAB49 /* Debug */,
				E4610A3B1EAF1031005BAB49 /* Release */,
			);
			defaultConfigurationIsVisible = 0;
			defaultConfigurationName = Release;
		};
		E4610A3C1EAF1031005BAB49 /* Build configuration list for PBXNativeTarget "StoryboardSample" */ = {
			isa = XCConfigurationList;
			buildConfigurations = (
				E4610A3D1EAF1031005BAB49 /* Debug */,
				E4610A3E1EAF1031005BAB49 /* Release */,
			);
			defaultConfigurationIsVisible = 0;
			defaultConfigurationName = Release;
		};
/* End XCConfigurationList section */
	};
	rootObject = E4610A221EAF1031005BAB49 /* Project object */;
}
